
Microsoft Visual Studio Solution File, Format Version 12.00
# Visual Studio Version 17
VisualStudioVersion = 17.11.35208.52
MinimumVisualStudioVersion = 10.0.40219.1
Project("{FAE04EC0-301F-11D3-BF4B-00C04F79EFBC}") = "BT7-11", "BT7-11\BT7-11.csproj", "{36E448A9-7F33-4D1E-9741-4B7D4F5EDDDA}"
EndProject
Global
	GlobalSection(SolutionConfigurationPlatforms) = preSolution
		Debug|Any CPU = Debug|Any CPU
		Release|Any CPU = Release|Any CPU
	EndGlobalSection
	GlobalSection(ProjectConfigurationPlatforms) = postSolution
		{36E448A9-7F33-4D1E-9741-4B7D4F5EDDDA}.Debug|Any CPU.ActiveCfg = Debug|Any CPU
		{36E448A9-7F33-4D1E-9741-4B7D4F5EDDDA}.Debug|Any CPU.Build.0 = Debug|Any CPU
		{36E448A9-7F33-4D1E-9741-4B7D4F5EDDDA}.Release|Any CPU.ActiveCfg = Release|Any CPU
		{36E448A9-7F33-4D1E-9741-4B7D4F5EDDDA}.Release|Any CPU.Build.0 = Release|Any CPU
	EndGlobalSection
	GlobalSection(SolutionProperties) = preSolution
		HideSolutionNode = FALSE
	EndGlobalSection
	GlobalSection(ExtensibilityGlobals) = postSolution
		SolutionGuid = {DF63647A-EDA2-4A74-BCC9-EC037189E06D}
	EndGlobalSection
EndGlobal
